lockVersion: 2.0.0
id: 595a8af4-8da0-44fa-a00d-c1cb52e0c7dc
management:
  docChecksum: 159f3e4ba550b39132d5dd1d6f97faee
  docVersion: 1.0.0
  speakeasyVersion: 1.389.1
  generationVersion: 2.409.0
  releaseVersion: 0.7.3
  configChecksum: 2a33cda693b1c5ff896016ba880df46e
  repoURL: https://github.com/gr4vy/gr4vy-js.git
  installationURL: https://github.com/gr4vy/gr4vy-js
  published: true
features:
  typescript:
    additionalDependencies: 0.1.0
    constsAndDefaults: 0.1.11
    core: 3.16.0
    defaultEnabledRetries: 0.1.0
    envVarSecurityUsage: 0.1.1
    flattening: 2.81.1
    globalSecurity: 2.82.11
    globalSecurityCallbacks: 0.1.0
    globalSecurityFlattening: 0.1.0
    globalServerURLs: 2.82.4
    groups: 2.81.2
    nameOverrides: 2.81.2
    pagination: 2.82.6
    responseFormat: 0.2.3
    retries: 2.83.0
    sdkHooks: 0.1.0
    serverIDs: 2.81.2
    unions: 2.85.7
generatedFiles:
  - src/funcs/listBuyerShippingDetails.ts
  - src/funcs/buyersList.ts
  - src/funcs/buyersCreate.ts
  - src/funcs/buyersGet.ts
  - src/funcs/buyersUpdate.ts
  - src/funcs/buyersDelete.ts
  - src/funcs/buyersBillingDetailsGet.ts
  - src/funcs/buyersBillingDetailsUpdate.ts
  - src/funcs/buyersShippingDetailsCreate.ts
  - src/funcs/buyersShippingDetailsList.ts
  - src/funcs/buyersShippingDetailsUpdate.ts
  - src/funcs/buyersShippingDetailsDelete.ts
  - src/sdk/billingdetails.ts
  - src/sdk/shippingdetails.ts
  - src/sdk/buyers.ts
  - src/sdk/sdk.ts
  - .eslintrc.cjs
  - .npmignore
  - FUNCTIONS.md
  - RUNTIMES.md
  - jsr.json
  - package.json
  - src/core.ts
  - src/lib/base64.ts
  - src/lib/config.ts
  - src/lib/dlv.ts
  - src/lib/encodings.ts
  - src/lib/env.ts
  - src/lib/files.ts
  - src/lib/http.ts
  - src/lib/is-plain-object.ts
  - src/lib/logger.ts
  - src/lib/matchers.ts
  - src/lib/primitives.ts
  - src/lib/retries.ts
  - src/lib/schemas.ts
  - src/lib/sdks.ts
  - src/lib/security.ts
  - src/lib/url.ts
  - src/sdk/index.ts
  - src/models/errors/httpclienterrors.ts
  - src/models/errors/sdkerror.ts
  - src/models/errors/sdkvalidationerror.ts
  - src/types/blobs.ts
  - src/types/constdatetime.ts
  - src/types/enums.ts
  - src/types/fp.ts
  - src/types/index.ts
  - src/types/operations.ts
  - src/types/rfcdate.ts
  - src/types/streams.ts
  - tsconfig.json
  - src/models/errors/httpvalidationerror.ts
  - src/models/components/validationerror.ts
  - src/models/components/buyercreate.ts
  - src/models/components/taxidkind.ts
  - src/models/components/buyerupdate.ts
  - src/models/components/billingdetails.ts
  - src/models/components/shippingdetailscreate.ts
  - src/models/components/shippingdetailsupdate.ts
  - src/models/components/security.ts
  - src/models/operations/listbuyershippingdetails.ts
  - src/models/operations/listbuyers.ts
  - src/models/operations/getbuyer.ts
  - src/models/operations/updatebuyer.ts
  - src/models/operations/deletebuyer.ts
  - src/models/operations/listbillingdetails.ts
  - src/models/operations/updatebuyerbillingdetails.ts
  - src/models/operations/addbuyershippingdetails.ts
  - src/models/operations/getbuyershippingdetails.ts
  - src/models/operations/updatebuyershippingdetails.ts
  - src/models/operations/deletebuyershippingdetails.ts
  - src/models/errors/index.ts
  - src/models/components/index.ts
  - src/models/operations/index.ts
  - docs/models/errors/httpvalidationerror.md
  - docs/models/components/loc.md
  - docs/models/components/validationerror.md
  - docs/models/components/buyercreateaddress.md
  - docs/models/components/buyercreatetaxid.md
  - docs/models/components/buyercreatebillingdetails.md
  - docs/models/components/buyercreate.md
  - docs/models/components/taxidkind.md
  - docs/models/components/buyerupdate.md
  - docs/models/components/address.md
  - docs/models/components/taxid.md
  - docs/models/components/billingdetails.md
  - docs/models/components/shippingdetailscreateaddress.md
  - docs/models/components/shippingdetailscreate.md
  - docs/models/components/shippingdetailsupdateaddress.md
  - docs/models/components/shippingdetailsupdate.md
  - docs/models/components/security.md
  - docs/models/operations/listbuyershippingdetailsrequest.md
  - docs/models/operations/listbuyersrequest.md
  - docs/models/operations/listbuyersresponse.md
  - docs/models/operations/getbuyerrequest.md
  - docs/models/operations/updatebuyerrequest.md
  - docs/models/operations/deletebuyerrequest.md
  - docs/models/operations/listbillingdetailsrequest.md
  - docs/models/operations/updatebuyerbillingdetailsrequest.md
  - docs/models/operations/addbuyershippingdetailsrequest.md
  - docs/models/operations/getbuyershippingdetailsrequest.md
  - docs/models/operations/updatebuyershippingdetailsrequest.md
  - docs/models/operations/deletebuyershippingdetailsrequest.md
  - docs/lib/utils/retryconfig.md
  - docs/sdks/gr4vy/README.md
  - docs/sdks/buyers/README.md
  - docs/sdks/billingdetails/README.md
  - docs/sdks/shippingdetails/README.md
  - USAGE.md
  - .gitattributes
  - src/hooks/hooks.ts
  - src/hooks/types.ts
  - src/hooks/index.ts
  - CONTRIBUTING.md
