lockVersion: 2.0.0
id: 595a8af4-8da0-44fa-a00d-c1cb52e0c7dc
management:
  docChecksum: db05edcac5c8c428a6db679e4e7ffda7
  docVersion: 1.0.0
  speakeasyVersion: 1.384.0
  generationVersion: 2.407.1
  releaseVersion: 0.6.1
  configChecksum: 3ee316ca86552be511be850f4623610c
  repoURL: https://github.com/gr4vy/gr4vy-js.git
  installationURL: https://github.com/gr4vy/gr4vy-js
  published: true
features:
  typescript:
    additionalDependencies: 0.1.0
    constsAndDefaults: 0.1.11
    core: 3.14.1
    defaultEnabledRetries: 0.1.0
    envVarSecurityUsage: 0.1.1
    flattening: 2.81.1
    globalSecurity: 2.82.11
    globalSecurityCallbacks: 0.1.0
    globalSecurityFlattening: 0.1.0
    globalServerURLs: 2.82.4
    groups: 2.81.2
    nameOverrides: 2.81.2
    nullables: 0.1.0
    pagination: 2.82.6
    responseFormat: 0.2.3
    retries: 2.83.0
    sdkHooks: 0.1.0
    serverIDs: 2.81.2
    unions: 2.85.7
generatedFiles:
  - src/funcs/createAccountUpdaterJob.ts
  - src/funcs/listBuyerPaymentMethods.ts
  - src/funcs/listPaymentMethods.ts
  - src/funcs/addPaymentMethod.ts
  - src/funcs/getPaymentMethod.ts
  - src/funcs/deletePaymentMethod.ts
  - src/funcs/listPaymentServiceTokens.ts
  - src/funcs/createPaymentServiceToken.ts
  - src/funcs/listNetworkTokens.ts
  - src/funcs/createNetworkToken.ts
  - src/funcs/createNetworkTokenCryptogram.ts
  - src/funcs/deletePaymentServiceToken.ts
  - src/funcs/deleteNetworkToken.ts
  - src/funcs/suspendNetworkToken.ts
  - src/funcs/resumeNetworkToken.ts
  - src/funcs/approvePaymentMethod.ts
  - src/funcs/approvePaymentServiceToken.ts
  - src/funcs/listGiftCardBalances.ts
  - src/funcs/getGiftCard.ts
  - src/funcs/deleteGiftCard.ts
  - src/funcs/listGiftCards.ts
  - src/funcs/addGiftCard.ts
  - src/funcs/listBuyerGiftCards.ts
  - src/funcs/listBuyerShippingDetails.ts
  - src/funcs/listConnections.ts
  - src/funcs/listConnectionDefinitions.ts
  - src/funcs/listCardSchemeDefinitions.ts
  - src/funcs/listDigitalWallets.ts
  - src/funcs/addDigitalWallet.ts
  - src/funcs/getAppleDigitalWallet.ts
  - src/funcs/getDigitalWallet.ts
  - src/funcs/updateDigitalWallet.ts
  - src/funcs/deleteDigitalWallet.ts
  - src/funcs/addGooglePaySession.ts
  - src/funcs/addApplePaySession.ts
  - src/funcs/registerDigitalWalletDomain.ts
  - src/funcs/deregisterDigitalWalletDomain.ts
  - src/funcs/addClickToPaySession.ts
  - src/funcs/listTransactions.ts
  - src/funcs/createTransaction.ts
  - src/funcs/getTransaction.ts
  - src/funcs/captureTransaction.ts
  - src/funcs/listTransactionRefunds.ts
  - src/funcs/refundTransaction.ts
  - src/funcs/getTransactionRefund.ts
  - src/funcs/getRefund.ts
  - src/funcs/voidTransaction.ts
  - src/funcs/refundAllTransactionMethods.ts
  - src/funcs/listTransactionActions.ts
  - src/funcs/getTransactionSummary.ts
  - src/funcs/listTransactionEvents.ts
  - src/funcs/listPaymentOptions.ts
  - src/funcs/listPaymentMethodDefinitions.ts
  - src/funcs/listPaymentServiceDefinitions.ts
  - src/funcs/getPaymentServiceDefinition.ts
  - src/funcs/createPaymentServiceDefinitionSession.ts
  - src/funcs/listPaymentServices.ts
  - src/funcs/createPaymentService.ts
  - src/funcs/getPaymentService.ts
  - src/funcs/updatePaymentService.ts
  - src/funcs/deletePaymentService.ts
  - src/funcs/verifyPaymentServiceCredentials.ts
  - src/funcs/createPaymentServiceSession.ts
  - src/funcs/listAntiFraudServiceDefinitions.ts
  - src/funcs/getAntiFraudService.ts
  - src/funcs/updateAntiFraudService.ts
  - src/funcs/deleteAntiFraudService.ts
  - src/funcs/createAntiFraudService.ts
  - src/funcs/verifyAntiFraudServiceCredentials.ts
  - src/funcs/getGiftCardServiceDefinition.ts
  - src/funcs/getGiftCardService.ts
  - src/funcs/updateGiftCardService.ts
  - src/funcs/deleteGiftCardService.ts
  - src/funcs/createGiftCardService.ts
  - src/funcs/verifyGiftCardServiceCredentials.ts
  - src/funcs/refreshAuthSessionsPut.ts
  - src/funcs/deleteAuthSessionsDelete.ts
  - src/funcs/createFlowActionRule.ts
  - src/funcs/getFlow.ts
  - src/funcs/getFlowActionRule.ts
  - src/funcs/updateFlowActionRule.ts
  - src/funcs/deleteFlowActionRule.ts
  - src/funcs/listCheckoutFlowActionRuleOptionOutcomes.ts
  - src/funcs/listCardFlowActionRuleRoutingOutcomes.ts
  - src/funcs/listRedirectFlowActionRuleRoutingOutcomes.ts
  - src/funcs/listCardFlowActionRule3dsOutcomes.ts
  - src/funcs/listAuditLogs.ts
  - src/funcs/listApiLogs.ts
  - src/funcs/listReports.ts
  - src/funcs/createReport.ts
  - src/funcs/getReport.ts
  - src/funcs/updateReport.ts
  - src/funcs/listReportExecutions.ts
  - src/funcs/generateReportExecutionUrl.ts
  - src/funcs/listAllReportExecutions.ts
  - src/funcs/getReportExecution.ts
  - src/funcs/addCheckoutSession.ts
  - src/funcs/getCheckoutSession.ts
  - src/funcs/updateCheckoutSession.ts
  - src/funcs/deleteCheckoutSession.ts
  - src/funcs/updateCheckoutSessionFields.ts
  - src/funcs/listRoles.ts
  - src/funcs/listRoleAssignments.ts
  - src/funcs/createRoleAssignments.ts
  - src/funcs/deleteRoleAssignment.ts
  - src/funcs/listApplePayCertificates.ts
  - src/funcs/generateApplePayCertificate.ts
  - src/funcs/confirmApplePayCertificate.ts
  - src/funcs/deleteApplePayCertificate.ts
  - src/funcs/listMerchantAccounts.ts
  - src/funcs/createMerchantAccount.ts
  - src/funcs/getMerchantAccount.ts
  - src/funcs/updateMerchantAccount.ts
  - src/funcs/browseConfigVaultForwardConfigsPciForwardConfigIdGet.ts
  - src/funcs/browseAuthenticationVaultForwardConfigsPciForwardConfigIdAuthenticationsPciForwardConfigAuthenticationIdGet.ts
  - src/funcs/editAuthenticationVaultForwardConfigsPciForwardConfigIdAuthenticationsPciForwardConfigAuthenticationIdPut.ts
  - src/funcs/deleteAuthenticationVaultForwardConfigsPciForwardConfigIdAuthenticationsPciForwardConfigAuthenticationIdDelete.ts
  - src/funcs/browseAuthenticationsVaultForwardConfigsPciForwardConfigIdAuthenticationsGet.ts
  - src/funcs/buyersList.ts
  - src/funcs/buyersCreate.ts
  - src/funcs/buyersGet.ts
  - src/funcs/buyersUpdate.ts
  - src/funcs/buyersDelete.ts
  - src/funcs/buyersBillingDetailsGet.ts
  - src/funcs/buyersBillingDetailsUpdate.ts
  - src/funcs/buyersShippingDetailsCreate.ts
  - src/funcs/buyersShippingDetailsList.ts
  - src/funcs/buyersShippingDetailsUpdate.ts
  - src/funcs/buyersShippingDetailsDelete.ts
  - src/sdk/billingdetails.ts
  - src/sdk/shippingdetails.ts
  - src/sdk/buyers.ts
  - src/sdk/sdk.ts
  - .eslintrc.cjs
  - .npmignore
  - FUNCTIONS.md
  - RUNTIMES.md
  - jsr.json
  - package.json
  - src/core.ts
  - src/lib/base64.ts
  - src/lib/config.ts
  - src/lib/dlv.ts
  - src/lib/encodings.ts
  - src/lib/env.ts
  - src/lib/http.ts
  - src/lib/is-plain-object.ts
  - src/lib/logger.ts
  - src/lib/matchers.ts
  - src/lib/primitives.ts
  - src/lib/retries.ts
  - src/lib/schemas.ts
  - src/lib/sdks.ts
  - src/lib/security.ts
  - src/lib/url.ts
  - src/sdk/index.ts
  - src/models/errors/httpclienterrors.ts
  - src/models/errors/sdkerror.ts
  - src/models/errors/sdkvalidationerror.ts
  - src/types/blobs.ts
  - src/types/constdatetime.ts
  - src/types/enums.ts
  - src/types/fp.ts
  - src/types/index.ts
  - src/types/operations.ts
  - src/types/rfcdate.ts
  - tsconfig.json
  - src/models/errors/httpvalidationerror.ts
  - src/models/components/validationerror.ts
  - src/models/components/accountupdaterjobcreate.ts
  - src/models/components/paymentmethodstatus.ts
  - src/models/components/apirouterspaymentmethodsschemascardpaymentmethodcreate.ts
  - src/models/components/redirectpaymentmethodcreate.ts
  - src/models/components/apirouterspaymentmethodsschemascheckoutsessionpaymentmethodcreate.ts
  - src/models/components/paymentservicetoken.ts
  - src/models/components/paymentservicetokencreate.ts
  - src/models/components/networktokencreate.ts
  - src/models/components/cryptogramcreate.ts
  - src/models/components/giftcardbalancerequest.ts
  - src/models/components/giftcardrequest.ts
  - src/models/components/giftcardstoredrequest.ts
  - src/models/components/giftcardcreate.ts
  - src/models/components/digitalwalletcreate.ts
  - src/models/components/digitalwalletprovider.ts
  - src/models/components/digitalwalletupdate.ts
  - src/models/components/googlepaysession.ts
  - src/models/components/applepaysession.ts
  - src/models/components/digitalwalletdomain.ts
  - src/models/components/clicktopaysession.ts
  - src/models/components/paymentmethod.ts
  - src/models/components/transactionstatus.ts
  - src/models/components/transactioncreate.ts
  - src/models/components/browserinfowithdevice.ts
  - src/models/components/statementdescriptor.ts
  - src/models/components/cartitem.ts
  - src/models/components/producttype.ts
  - src/models/components/threedsecuredatav1.ts
  - src/models/components/cardscheme.ts
  - src/models/components/threedsecuredatav2.ts
  - src/models/components/giftcardtransactioncreate.ts
  - src/models/components/giftcardtokentransactioncreate.ts
  - src/models/components/guestbuyer.ts
  - src/models/components/shippingdetailscreate.ts
  - src/models/components/address.ts
  - src/models/components/billingdetails.ts
  - src/models/components/taxid.ts
  - src/models/components/taxidkind.ts
  - src/models/components/apirouterstransactionsschemascardpaymentmethodcreate.ts
  - src/models/components/digitalwalletpanpaymentmethodcreate.ts
  - src/models/components/digitalwallettokenpaymentmethodcreate.ts
  - src/models/components/networktokenpaymentmethodcreate.ts
  - src/models/components/tokenpaymentmethodcreate.ts
  - src/models/components/apirouterstransactionsschemascheckoutsessionpaymentmethodcreate.ts
  - src/models/components/digitalwalletpaymentmethodcreate.ts
  - src/models/components/googlepayassurancedetails.ts
  - src/models/components/transactioncapture.ts
  - src/models/components/transactionrefundcreate.ts
  - src/models/components/transactionrefundallcreate.ts
  - src/models/components/transactioneventcollection.ts
  - src/models/components/transactionevent.ts
  - src/models/components/transactioneventcontext.ts
  - src/models/components/paymentoptionrequest.ts
  - src/models/components/paymentservicecreate.ts
  - src/models/components/merchantprofilescheme.ts
  - src/models/components/apirouterspaymentservicesschemasfield.ts
  - src/models/components/paymentserviceupdate.ts
  - src/models/components/apirouterspaymentservicesschemasvoidablefield.ts
  - src/models/components/apirouterspaymentservicesschemasverifycredentials.ts
  - src/models/components/antifraudserviceprovider.ts
  - src/models/components/antifraudserviceupdate.ts
  - src/models/components/cybersourceupdate.ts
  - src/models/components/apiroutersantifraudservicesschemasfield.ts
  - src/models/components/siftupdate.ts
  - src/models/components/forterupdate.ts
  - src/models/components/kountupdate.ts
  - src/models/components/simulatorupdate.ts
  - src/models/components/antifraudservicecreate.ts
  - src/models/components/cybersourcecreate.ts
  - src/models/components/siftcreate.ts
  - src/models/components/fortercreate.ts
  - src/models/components/kountcreate.ts
  - src/models/components/simulatorcreate.ts
  - src/models/components/antifraudservicecredentialsverify.ts
  - src/models/components/siftverify.ts
  - src/models/components/cybersourceverify.ts
  - src/models/components/forterverify.ts
  - src/models/components/kountverify.ts
  - src/models/components/simualtorverify.ts
  - src/models/components/giftcardserviceprovider.ts
  - src/models/components/giftcardserviceupdate.ts
  - src/models/components/apiroutersgiftcardservicesschemasvoidablefield.ts
  - src/models/components/giftcardservicecreate.ts
  - src/models/components/apiroutersgiftcardservicesschemasfield.ts
  - src/models/components/apiroutersgiftcardservicesschemasverifycredentials.ts
  - src/models/components/flowaction.ts
  - src/models/components/flow.ts
  - src/models/components/auditlogaction.ts
  - src/models/components/reportschedule.ts
  - src/models/components/reportcreate.ts
  - src/models/components/transactionsreportspec.ts
  - src/models/components/transactionretriesreportspec.ts
  - src/models/components/detailedsettlementreportspec.ts
  - src/models/components/reportupdate.ts
  - src/models/components/reportexecutionstatus.ts
  - src/models/components/checkoutsessionupdate.ts
  - src/models/components/checkoutsessionsecurefields.ts
  - src/models/components/cardpaymentmethod.ts
  - src/models/components/clicktopaypaymentmethod.ts
  - src/models/components/idpaymentmethod.ts
  - src/models/components/roleassignmentcreate.ts
  - src/models/components/roleassignee.ts
  - src/models/components/roleassigneetype.ts
  - src/models/components/role.ts
  - src/models/components/applepaycertificatecreate.ts
  - src/models/components/bodyconfirmapplepaycertificate.ts
  - src/models/components/merchantaccountcreate.ts
  - src/models/components/merchantaccountupdate.ts
  - src/models/components/pciforwardconfigauthenticationupdate.ts
  - src/models/components/apirouterspciforwardschemasvoidablefield.ts
  - src/models/components/buyercreate.ts
  - src/models/components/buyerupdate.ts
  - src/models/components/shippingdetailsupdate.ts
  - src/models/components/security.ts
  - src/models/operations/listbuyerpaymentmethods.ts
  - src/models/operations/listpaymentmethods.ts
  - src/models/operations/addpaymentmethod.ts
  - src/models/operations/getpaymentmethod.ts
  - src/models/operations/deletepaymentmethod.ts
  - src/models/operations/listpaymentservicetokens.ts
  - src/models/operations/createpaymentservicetoken.ts
  - src/models/operations/listnetworktokens.ts
  - src/models/operations/createnetworktoken.ts
  - src/models/operations/createnetworktokencryptogram.ts
  - src/models/operations/deletepaymentservicetoken.ts
  - src/models/operations/deletenetworktoken.ts
  - src/models/operations/suspendnetworktoken.ts
  - src/models/operations/resumenetworktoken.ts
  - src/models/operations/approvepaymentmethod.ts
  - src/models/operations/approvepaymentservicetoken.ts
  - src/models/operations/getgiftcard.ts
  - src/models/operations/deletegiftcard.ts
  - src/models/operations/listgiftcards.ts
  - src/models/operations/listbuyergiftcards.ts
  - src/models/operations/listbuyershippingdetails.ts
  - src/models/operations/getappledigitalwallet.ts
  - src/models/operations/getdigitalwallet.ts
  - src/models/operations/updatedigitalwallet.ts
  - src/models/operations/deletedigitalwallet.ts
  - src/models/operations/registerdigitalwalletdomain.ts
  - src/models/operations/deregisterdigitalwalletdomain.ts
  - src/models/operations/listtransactions.ts
  - src/models/operations/gettransaction.ts
  - src/models/operations/capturetransaction.ts
  - src/models/operations/listtransactionrefunds.ts
  - src/models/operations/refundtransaction.ts
  - src/models/operations/gettransactionrefund.ts
  - src/models/operations/getrefund.ts
  - src/models/operations/voidtransaction.ts
  - src/models/operations/refundalltransactionmethods.ts
  - src/models/operations/listtransactionactions.ts
  - src/models/operations/gettransactionsummary.ts
  - src/models/operations/listtransactionevents.ts
  - src/models/operations/listpaymentservicedefinitions.ts
  - src/models/operations/getpaymentservicedefinition.ts
  - src/models/operations/createpaymentservicedefinitionsession.ts
  - src/models/operations/listpaymentservices.ts
  - src/models/operations/getpaymentservice.ts
  - src/models/operations/updatepaymentservice.ts
  - src/models/operations/deletepaymentservice.ts
  - src/models/operations/createpaymentservicesession.ts
  - src/models/operations/listantifraudservicedefinitions.ts
  - src/models/operations/getantifraudservice.ts
  - src/models/operations/updateantifraudservice.ts
  - src/models/operations/deleteantifraudservice.ts
  - src/models/operations/getgiftcardservicedefinition.ts
  - src/models/operations/getgiftcardservice.ts
  - src/models/operations/updategiftcardservice.ts
  - src/models/operations/deletegiftcardservice.ts
  - src/models/operations/createflowactionrule.ts
  - src/models/operations/getflow.ts
  - src/models/operations/getflowactionrule.ts
  - src/models/operations/updateflowactionrule.ts
  - src/models/operations/deleteflowactionrule.ts
  - src/models/operations/listcheckoutflowactionruleoptionoutcomes.ts
  - src/models/operations/listredirectflowactionruleroutingoutcomes.ts
  - src/models/operations/listauditlogs.ts
  - src/models/operations/listreports.ts
  - src/models/operations/getreport.ts
  - src/models/operations/updatereport.ts
  - src/models/operations/listreportexecutions.ts
  - src/models/operations/generatereportexecutionurl.ts
  - src/models/operations/listallreportexecutions.ts
  - src/models/operations/getreportexecution.ts
  - src/models/operations/getcheckoutsession.ts
  - src/models/operations/updatecheckoutsession.ts
  - src/models/operations/deletecheckoutsession.ts
  - src/models/operations/updatecheckoutsessionfields.ts
  - src/models/operations/listroles.ts
  - src/models/operations/listroleassignments.ts
  - src/models/operations/deleteroleassignment.ts
  - src/models/operations/listapplepaycertificates.ts
  - src/models/operations/confirmapplepaycertificate.ts
  - src/models/operations/deleteapplepaycertificate.ts
  - src/models/operations/listmerchantaccounts.ts
  - src/models/operations/getmerchantaccount.ts
  - src/models/operations/updatemerchantaccount.ts
  - src/models/operations/browseconfigvaultforwardconfigspciforwardconfigidget.ts
  - src/models/operations/browseauthenticationvaultforwardconfigspciforwardconfigidauthenticationspciforwardconfigauthenticationidget.ts
  - src/models/operations/editauthenticationvaultforwardconfigspciforwardconfigidauthenticationspciforwardconfigauthenticationidput.ts
  - src/models/operations/deleteauthenticationvaultforwardconfigspciforwardconfigidauthenticationspciforwardconfigauthenticationiddelete.ts
  - src/models/operations/browseauthenticationsvaultforwardconfigspciforwardconfigidauthenticationsget.ts
  - src/models/operations/listbuyers.ts
  - src/models/operations/getbuyer.ts
  - src/models/operations/updatebuyer.ts
  - src/models/operations/deletebuyer.ts
  - src/models/operations/listbillingdetails.ts
  - src/models/operations/updatebuyerbillingdetails.ts
  - src/models/operations/addbuyershippingdetails.ts
  - src/models/operations/getbuyershippingdetails.ts
  - src/models/operations/updatebuyershippingdetails.ts
  - src/models/operations/deletebuyershippingdetails.ts
  - src/models/errors/index.ts
  - src/models/components/index.ts
  - src/models/operations/index.ts
  - docs/models/errors/httpvalidationerror.md
  - docs/models/components/loc.md
  - docs/models/components/validationerror.md
  - docs/models/components/accountupdaterjobcreate.md
  - docs/models/components/paymentmethodstatus.md
  - docs/models/components/method.md
  - docs/models/components/apirouterspaymentmethodsschemascardpaymentmethodcreate.md
  - docs/models/components/redirectpaymentmethodcreatemethod.md
  - docs/models/components/redirectpaymentmethodcreate.md
  - docs/models/components/apirouterspaymentmethodsschemascheckoutsessionpaymentmethodcreatemethod.md
  - docs/models/components/apirouterspaymentmethodsschemascheckoutsessionpaymentmethodcreate.md
  - docs/models/components/type.md
  - docs/models/components/paymentservicetoken.md
  - docs/models/components/paymentservicetokencreate.md
  - docs/models/components/networktokencreate.md
  - docs/models/components/cryptogramcreate.md
  - docs/models/components/items.md
  - docs/models/components/giftcardbalancerequest.md
  - docs/models/components/giftcardrequest.md
  - docs/models/components/giftcardstoredrequest.md
  - docs/models/components/giftcardcreate.md
  - docs/models/components/digitalwalletcreate.md
  - docs/models/components/digitalwalletprovider.md
  - docs/models/components/digitalwalletupdate.md
  - docs/models/components/googlepaysession.md
  - docs/models/components/applepaysession.md
  - docs/models/components/digitalwalletdomain.md
  - docs/models/components/clicktopaysession.md
  - docs/models/components/paymentmethod.md
  - docs/models/components/transactionstatus.md
  - docs/models/components/transactioncreatepaymentmethod.md
  - docs/models/components/giftcards.md
  - docs/models/components/transactionintent.md
  - docs/models/components/threedsecuredata.md
  - docs/models/components/metadata.md
  - docs/models/components/transactionpaymentsource.md
  - docs/models/components/connectionoptions.md
  - docs/models/components/transactioncreate.md
  - docs/models/components/userdevice.md
  - docs/models/components/browserinfowithdevice.md
  - docs/models/components/statementdescriptor.md
  - docs/models/components/cartitem.md
  - docs/models/components/producttype.md
  - docs/models/components/threedsecuredatav1.md
  - docs/models/components/cardscheme.md
  - docs/models/components/threedsecuredatav2.md
  - docs/models/components/giftcardtransactioncreate.md
  - docs/models/components/giftcardtokentransactioncreate.md
  - docs/models/components/guestbuyer.md
  - docs/models/components/shippingdetailscreate.md
  - docs/models/components/address.md
  - docs/models/components/billingdetails.md
  - docs/models/components/taxid.md
  - docs/models/components/taxidkind.md
  - docs/models/components/apirouterstransactionsschemascardpaymentmethodcreatemethod.md
  - docs/models/components/apirouterstransactionsschemascardpaymentmethodcreate.md
  - docs/models/components/digitalwalletpanpaymentmethodcreatemethod.md
  - docs/models/components/digitalwalletpanpaymentmethodcreate.md
  - docs/models/components/digitalwallettokenpaymentmethodcreatemethod.md
  - docs/models/components/digitalwallettokenpaymentmethodcreate.md
  - docs/models/components/networktokenpaymentmethodcreatemethod.md
  - docs/models/components/cardsource.md
  - docs/models/components/networktokenpaymentmethodcreate.md
  - docs/models/components/tokenpaymentmethodcreatemethod.md
  - docs/models/components/tokenpaymentmethodcreate.md
  - docs/models/components/apirouterstransactionsschemascheckoutsessionpaymentmethodcreatemethod.md
  - docs/models/components/apirouterstransactionsschemascheckoutsessionpaymentmethodcreate.md
  - docs/models/components/digitalwalletpaymentmethodcreatemethod.md
  - docs/models/components/one.md
  - docs/models/components/token.md
  - docs/models/components/digitalwalletpaymentmethodcreate.md
  - docs/models/components/googlepayassurancedetails.md
  - docs/models/components/transactioncapture.md
  - docs/models/components/refundtargettype.md
  - docs/models/components/transactionrefundcreate.md
  - docs/models/components/transactionrefundallcreate.md
  - docs/models/components/transactioneventcollection.md
  - docs/models/components/transactioneventtype.md
  - docs/models/components/transactionevent.md
  - docs/models/components/transactioneventcontext.md
  - docs/models/components/paymentoptionrequestmetadata.md
  - docs/models/components/paymentoptionrequest.md
  - docs/models/components/paymentservicecreate.md
  - docs/models/components/merchantprofilescheme.md
  - docs/models/components/apirouterspaymentservicesschemasfield.md
  - docs/models/components/paymentserviceupdate.md
  - docs/models/components/two.md
  - docs/models/components/value.md
  - docs/models/components/apirouterspaymentservicesschemasvoidablefield.md
  - docs/models/components/apirouterspaymentservicesschemasverifycredentials.md
  - docs/models/components/antifraudserviceprovider.md
  - docs/models/components/antifraudserviceupdate.md
  - docs/models/components/antifraudservicedefinitionid.md
  - docs/models/components/cybersourceupdate.md
  - docs/models/components/value2.md
  - docs/models/components/apiroutersantifraudservicesschemasfieldvalue.md
  - docs/models/components/apiroutersantifraudservicesschemasfield.md
  - docs/models/components/siftupdateantifraudservicedefinitionid.md
  - docs/models/components/siftupdate.md
  - docs/models/components/forterupdateantifraudservicedefinitionid.md
  - docs/models/components/forterupdate.md
  - docs/models/components/kountupdateantifraudservicedefinitionid.md
  - docs/models/components/kountupdate.md
  - docs/models/components/simulatorupdateantifraudservicedefinitionid.md
  - docs/models/components/simulatorupdate.md
  - docs/models/components/antifraudservicecreate.md
  - docs/models/components/cybersourcecreateantifraudservicedefinitionid.md
  - docs/models/components/cybersourcecreate.md
  - docs/models/components/siftcreateantifraudservicedefinitionid.md
  - docs/models/components/siftcreate.md
  - docs/models/components/fortercreateantifraudservicedefinitionid.md
  - docs/models/components/fortercreate.md
  - docs/models/components/kountcreateantifraudservicedefinitionid.md
  - docs/models/components/kountcreate.md
  - docs/models/components/simulatorcreateantifraudservicedefinitionid.md
  - docs/models/components/simulatorcreate.md
  - docs/models/components/antifraudservicecredentialsverify.md
  - docs/models/components/siftverifyantifraudservicedefinitionid.md
  - docs/models/components/siftverify.md
  - docs/models/components/cybersourceverifyantifraudservicedefinitionid.md
  - docs/models/components/cybersourceverify.md
  - docs/models/components/forterverifyantifraudservicedefinitionid.md
  - docs/models/components/forterverify.md
  - docs/models/components/kountverifyantifraudservicedefinitionid.md
  - docs/models/components/kountverify.md
  - docs/models/components/simualtorverifyantifraudservicedefinitionid.md
  - docs/models/components/simualtorverify.md
  - docs/models/components/giftcardserviceprovider.md
  - docs/models/components/giftcardserviceupdate.md
  - docs/models/components/apiroutersgiftcardservicesschemasvoidablefieldvalue2.md
  - docs/models/components/apiroutersgiftcardservicesschemasvoidablefieldvalue.md
  - docs/models/components/apiroutersgiftcardservicesschemasvoidablefield.md
  - docs/models/components/giftcardservicecreate.md
  - docs/models/components/apiroutersgiftcardservicesschemasfield.md
  - docs/models/components/apiroutersgiftcardservicesschemasverifycredentials.md
  - docs/models/components/flowaction.md
  - docs/models/components/flow.md
  - docs/models/components/auditlogaction.md
  - docs/models/components/reportschedule.md
  - docs/models/components/spec.md
  - docs/models/components/reportcreate.md
  - docs/models/components/model.md
  - docs/models/components/params.md
  - docs/models/components/transactionsreportspec.md
  - docs/models/components/transactionretriesreportspecmodel.md
  - docs/models/components/transactionretriesreportspecparams.md
  - docs/models/components/transactionretriesreportspec.md
  - docs/models/components/detailedsettlementreportspecmodel.md
  - docs/models/components/detailedsettlementreportspecparams.md
  - docs/models/components/detailedsettlementreportspec.md
  - docs/models/components/reportupdate.md
  - docs/models/components/reportexecutionstatus.md
  - docs/models/components/checkoutsessionupdatemetadata.md
  - docs/models/components/checkoutsessionupdate.md
  - docs/models/components/checkoutsessionsecurefieldspaymentmethod.md
  - docs/models/components/checkoutsessionsecurefields.md
  - docs/models/components/cardpaymentmethodmethod.md
  - docs/models/components/cardpaymentmethod.md
  - docs/models/components/clicktopaypaymentmethodmethod.md
  - docs/models/components/clicktopaypaymentmethod.md
  - docs/models/components/idpaymentmethodmethod.md
  - docs/models/components/idpaymentmethod.md
  - docs/models/components/roleassignmentcreatetype.md
  - docs/models/components/roleassignmentcreate.md
  - docs/models/components/roleassignee.md
  - docs/models/components/roleassigneetype.md
  - docs/models/components/roletype.md
  - docs/models/components/role.md
  - docs/models/components/applepaycertificatecreate.md
  - docs/models/components/filet.md
  - docs/models/components/bodyconfirmapplepaycertificate.md
  - docs/models/components/merchantaccountcreate.md
  - docs/models/components/merchantaccountupdate.md
  - docs/models/components/pciforwardconfigauthenticationupdate.md
  - docs/models/components/apirouterspciforwardschemasvoidablefieldvalue2.md
  - docs/models/components/apirouterspciforwardschemasvoidablefieldvalue.md
  - docs/models/components/apirouterspciforwardschemasvoidablefield.md
  - docs/models/components/buyercreate.md
  - docs/models/components/buyerupdate.md
  - docs/models/components/shippingdetailsupdate.md
  - docs/models/components/security.md
  - docs/models/operations/listbuyerpaymentmethodsrequest.md
  - docs/models/operations/listpaymentmethodsrequest.md
  - docs/models/operations/listpaymentmethodsresponse.md
  - docs/models/operations/addpaymentmethodbody.md
  - docs/models/operations/getpaymentmethodrequest.md
  - docs/models/operations/deletepaymentmethodrequest.md
  - docs/models/operations/listpaymentservicetokensrequest.md
  - docs/models/operations/createpaymentservicetokenrequest.md
  - docs/models/operations/listnetworktokensrequest.md
  - docs/models/operations/createnetworktokenrequest.md
  - docs/models/operations/createnetworktokencryptogramrequest.md
  - docs/models/operations/deletepaymentservicetokenrequest.md
  - docs/models/operations/deletenetworktokenrequest.md
  - docs/models/operations/suspendnetworktokenrequest.md
  - docs/models/operations/resumenetworktokenrequest.md
  - docs/models/operations/approvepaymentmethodrequest.md
  - docs/models/operations/approvepaymentservicetokenrequest.md
  - docs/models/operations/getgiftcardrequest.md
  - docs/models/operations/deletegiftcardrequest.md
  - docs/models/operations/listgiftcardsrequest.md
  - docs/models/operations/listgiftcardsresponse.md
  - docs/models/operations/listbuyergiftcardsrequest.md
  - docs/models/operations/listbuyershippingdetailsrequest.md
  - docs/models/operations/getappledigitalwalletrequest.md
  - docs/models/operations/getdigitalwalletrequest.md
  - docs/models/operations/updatedigitalwalletrequest.md
  - docs/models/operations/deletedigitalwalletrequest.md
  - docs/models/operations/registerdigitalwalletdomainrequest.md
  - docs/models/operations/deregisterdigitalwalletdomainrequest.md
  - docs/models/operations/listtransactionsrequest.md
  - docs/models/operations/listtransactionsresponse.md
  - docs/models/operations/gettransactionrequest.md
  - docs/models/operations/capturetransactionrequest.md
  - docs/models/operations/listtransactionrefundsrequest.md
  - docs/models/operations/refundtransactionrequest.md
  - docs/models/operations/gettransactionrefundrequest.md
  - docs/models/operations/getrefundrequest.md
  - docs/models/operations/voidtransactionrequest.md
  - docs/models/operations/refundalltransactionmethodsrequest.md
  - docs/models/operations/listtransactionactionsrequest.md
  - docs/models/operations/gettransactionsummaryrequest.md
  - docs/models/operations/listtransactioneventsrequest.md
  - docs/models/operations/listpaymentservicedefinitionsrequest.md
  - docs/models/operations/listpaymentservicedefinitionsresponse.md
  - docs/models/operations/getpaymentservicedefinitionrequest.md
  - docs/models/operations/createpaymentservicedefinitionsessionbody.md
  - docs/models/operations/createpaymentservicedefinitionsessionrequest.md
  - docs/models/operations/listpaymentservicesrequest.md
  - docs/models/operations/listpaymentservicesresponse.md
  - docs/models/operations/getpaymentservicerequest.md
  - docs/models/operations/updatepaymentservicerequest.md
  - docs/models/operations/deletepaymentservicerequest.md
  - docs/models/operations/createpaymentservicesessionbody.md
  - docs/models/operations/createpaymentservicesessionrequest.md
  - docs/models/operations/listantifraudservicedefinitionsrequest.md
  - docs/models/operations/getantifraudservicerequest.md
  - docs/models/operations/updateantifraudservicerequest.md
  - docs/models/operations/deleteantifraudservicerequest.md
  - docs/models/operations/getgiftcardservicedefinitionrequest.md
  - docs/models/operations/getgiftcardservicerequest.md
  - docs/models/operations/updategiftcardservicerequest.md
  - docs/models/operations/deletegiftcardservicerequest.md
  - docs/models/operations/createflowactionrulebody.md
  - docs/models/operations/createflowactionrulerequest.md
  - docs/models/operations/getflowrequest.md
  - docs/models/operations/getflowactionrulerequest.md
  - docs/models/operations/updateflowactionrulebody.md
  - docs/models/operations/updateflowactionrulerequest.md
  - docs/models/operations/deleteflowactionrulerequest.md
  - docs/models/operations/listcheckoutflowactionruleoptionoutcomesrequest.md
  - docs/models/operations/listredirectflowactionruleroutingoutcomesrequest.md
  - docs/models/operations/listauditlogsrequest.md
  - docs/models/operations/listauditlogsresponse.md
  - docs/models/operations/listreportsrequest.md
  - docs/models/operations/listreportsresponse.md
  - docs/models/operations/getreportrequest.md
  - docs/models/operations/updatereportrequest.md
  - docs/models/operations/listreportexecutionsrequest.md
  - docs/models/operations/listreportexecutionsresponse.md
  - docs/models/operations/generatereportexecutionurlrequest.md
  - docs/models/operations/listallreportexecutionsrequest.md
  - docs/models/operations/listallreportexecutionsresponse.md
  - docs/models/operations/getreportexecutionrequest.md
  - docs/models/operations/getcheckoutsessionrequest.md
  - docs/models/operations/updatecheckoutsessionrequest.md
  - docs/models/operations/deletecheckoutsessionrequest.md
  - docs/models/operations/updatecheckoutsessionfieldsrequest.md
  - docs/models/operations/listrolesrequest.md
  - docs/models/operations/listrolesresponse.md
  - docs/models/operations/listroleassignmentsrequest.md
  - docs/models/operations/listroleassignmentsresponse.md
  - docs/models/operations/deleteroleassignmentrequest.md
  - docs/models/operations/listapplepaycertificatesrequest.md
  - docs/models/operations/listapplepaycertificatesresponse.md
  - docs/models/operations/confirmapplepaycertificaterequest.md
  - docs/models/operations/deleteapplepaycertificaterequest.md
  - docs/models/operations/listmerchantaccountsrequest.md
  - docs/models/operations/listmerchantaccountsresponse.md
  - docs/models/operations/getmerchantaccountrequest.md
  - docs/models/operations/updatemerchantaccountrequest.md
  - docs/models/operations/browseconfigvaultforwardconfigspciforwardconfigidgetrequest.md
  - docs/models/operations/browseauthenticationvaultforwardconfigspciforwardconfigidauthenticationspciforwardconfigauthenticationidgetrequest.md
  - docs/models/operations/editauthenticationvaultforwardconfigspciforwardconfigidauthenticationspciforwardconfigauthenticationidputrequest.md
  - docs/models/operations/deleteauthenticationvaultforwardconfigspciforwardconfigidauthenticationspciforwardconfigauthenticationiddeleterequest.md
  - docs/models/operations/browseauthenticationsvaultforwardconfigspciforwardconfigidauthenticationsgetrequest.md
  - docs/models/operations/listbuyersrequest.md
  - docs/models/operations/listbuyersresponse.md
  - docs/models/operations/getbuyerrequest.md
  - docs/models/operations/updatebuyerrequest.md
  - docs/models/operations/deletebuyerrequest.md
  - docs/models/operations/listbillingdetailsrequest.md
  - docs/models/operations/updatebuyerbillingdetailsrequest.md
  - docs/models/operations/addbuyershippingdetailsrequest.md
  - docs/models/operations/getbuyershippingdetailsrequest.md
  - docs/models/operations/updatebuyershippingdetailsrequest.md
  - docs/models/operations/deletebuyershippingdetailsrequest.md
  - docs/lib/utils/retryconfig.md
  - docs/sdks/gr4vy/README.md
  - docs/sdks/buyers/README.md
  - docs/sdks/billingdetails/README.md
  - docs/sdks/shippingdetails/README.md
  - USAGE.md
  - .gitattributes
  - src/hooks/hooks.ts
  - src/hooks/types.ts
  - src/hooks/index.ts
  - CONTRIBUTING.md
