lockVersion: 2.0.0
id: 595a8af4-8da0-44fa-a00d-c1cb52e0c7dc
management:
  docChecksum: 19f1d81c364946cbebea73a3d3e134a7
  docVersion: 1.1.0-beta
  speakeasyVersion: 1.221.0
  generationVersion: 2.287.0
  releaseVersion: 0.0.5
  configChecksum: ef8f353f04447b532a12c8350625ecb5
  repoURL: https://github.com/gr4vy/gr4vy-js.git
  installationURL: https://github.com/gr4vy/gr4vy-js
features:
  typescript:
    additionalProperties: 0.1.1
    constsAndDefaults: 0.1.5
    core: 3.6.3
    deprecations: 2.81.1
    flattening: 2.81.1
    globalSecurity: 2.82.8
    globalServerURLs: 2.82.4
    ignores: 2.81.1
    responseFormat: 0.2.2
    serverIDs: 2.81.2
    unions: 2.85.3
generatedFiles:
  - src/sdk/apilogs.ts
  - src/sdk/auditlogs.ts
  - src/sdk/buyers.ts
  - src/sdk/giftcards.ts
  - src/sdk/paymentmethods.ts
  - src/sdk/cardschemedefinitions.ts
  - src/sdk/connections.ts
  - src/sdk/connectiondefinitions.ts
  - src/sdk/checkoutsessions.ts
  - src/sdk/paymentmethoddefinitions.ts
  - src/sdk/paymentoptions.ts
  - src/sdk/paymentservices.ts
  - src/sdk/paymentservicedefinitions.ts
  - src/sdk/digitalwallets.ts
  - src/sdk/transactions.ts
  - src/sdk/webhooks.ts
  - src/sdk/flow.ts
  - src/sdk/giftcardservices.ts
  - src/sdk/giftcardservicedefinitions.ts
  - src/sdk/antifraudservices.ts
  - src/sdk/reports.ts
  - src/sdk/roles.ts
  - src/sdk/merchantaccounts.ts
  - src/sdk/tokens.ts
  - src/sdk/sdk.ts
  - .eslintrc.js
  - .npmignore
  - RUNTIMES.md
  - package.json
  - src/lib/base64.ts
  - src/lib/config.ts
  - src/lib/encodings.ts
  - src/lib/http.ts
  - src/lib/retries.ts
  - src/lib/schemas.ts
  - src/lib/sdks.ts
  - src/lib/security.ts
  - src/lib/url.ts
  - src/sdk/index.ts
  - src/models/errors/sdkerror.ts
  - src/models/errors/sdkvalidationerror.ts
  - src/types/blobs.ts
  - src/types/index.ts
  - src/types/operations.ts
  - src/types/rfcdate.ts
  - tsconfig.json
  - src/models/components/apilogs.ts
  - src/models/components/apilog.ts
  - src/models/components/errordetail.ts
  - src/models/components/auditlogs.ts
  - src/models/components/auditlog.ts
  - src/models/components/buyers.ts
  - src/models/components/buyer.ts
  - src/models/components/errorgeneric.ts
  - src/models/components/shippingdetails.ts
  - src/models/components/shippingdetail.ts
  - src/models/components/billingdetails.ts
  - src/models/components/giftcardssummary.ts
  - src/models/components/giftcardsummary.ts
  - src/models/components/giftcards.ts
  - src/models/components/giftcard.ts
  - src/models/components/giftcardservice.ts
  - src/models/components/paymentmethodstokenized.ts
  - src/models/components/paymentmethodtokenized.ts
  - src/models/components/paymentmethods.ts
  - src/models/components/paymentmethod.ts
  - src/models/components/paymentmethoddetailscard.ts
  - src/models/components/cardschemedefinitions.ts
  - src/models/components/cardschemedefinition.ts
  - src/models/components/connections.ts
  - src/models/components/connection.ts
  - src/models/components/connectiondefinition.ts
  - src/models/components/connectiondefinitions.ts
  - src/models/components/checkoutsession.ts
  - src/models/components/cartitem.ts
  - src/models/components/checkoutsessioncreaterequest.ts
  - src/models/components/checkoutsessionsecurefieldsupdate.ts
  - src/models/components/checkoutsessionfieldscardpaymentmethod.ts
  - src/models/components/checkoutsessionfieldsclicktopaypaymentmethod.ts
  - src/models/components/checkoutsessionfieldsidpaymentmethod.ts
  - src/models/components/paymentmethoddefinitions.ts
  - src/models/components/paymentmethoddefinition.ts
  - src/models/components/paymentoptions.ts
  - src/models/components/paymentoption.ts
  - src/models/components/requiredfields.ts
  - src/models/components/paymentoptionapprovalui.ts
  - src/models/components/paymentoptionsrequest.ts
  - src/models/components/paymentservices.ts
  - src/models/components/paymentservice.ts
  - src/models/components/paymentservicedefinitions.ts
  - src/models/components/paymentservicedefinition.ts
  - src/models/components/paymentservicedefinitionconfiguration.ts
  - src/models/components/digitalwallets.ts
  - src/models/components/digitalwallet.ts
  - src/models/components/digitalwalletclicktopayfields.ts
  - src/models/components/transactions.ts
  - src/models/components/transactionsummary.ts
  - src/models/components/paymentservicesnapshot.ts
  - src/models/components/paymentmethodsnapshot.ts
  - src/models/components/giftcardredemption.ts
  - src/models/components/giftcardsnapshot.ts
  - src/models/components/actions.ts
  - src/models/components/action.ts
  - src/models/components/refunds.ts
  - src/models/components/refund.ts
  - src/models/components/transactionstatussummary.ts
  - src/models/components/flowrules.ts
  - src/models/components/flowrule.ts
  - src/models/components/flowruleserviceoutcome.ts
  - src/models/components/flowrulemethodoutcome.ts
  - src/models/components/flowrulebooleanoutcome.ts
  - src/models/components/flowruleuuidslistoutcome.ts
  - src/models/components/flowrulethreedsecureoutcome.ts
  - src/models/components/flowamountcondition.ts
  - src/models/components/flowamountrangecondition.ts
  - src/models/components/flowamountzerocondition.ts
  - src/models/components/flowantifrauddecisioncondition.ts
  - src/models/components/flowbinrangecondition.ts
  - src/models/components/flowbrowserlanguagecondition.ts
  - src/models/components/flowcardcountrycondition.ts
  - src/models/components/flowcardschemecondition.ts
  - src/models/components/flowcardsourcecondition.ts
  - src/models/components/flowcardtypecondition.ts
  - src/models/components/flowcountrycondition.ts
  - src/models/components/flowcurrencycondition.ts
  - src/models/components/flowissubsequentpaymentcondition.ts
  - src/models/components/flowmetadatacondition.ts
  - src/models/components/flowmerchantinitiatedcondition.ts
  - src/models/components/flowpaymentmethodcondition.ts
  - src/models/components/flowpaymentmethodscondition.ts
  - src/models/components/flowpaymentsourcecondition.ts
  - src/models/components/flowproductcategoriescondition.ts
  - src/models/components/flowproducttypescondition.ts
  - src/models/components/flowskuscondition.ts
  - src/models/components/flowruleoutcomes.ts
  - src/models/components/flowpaymentoptionoutcome.ts
  - src/models/components/flowcardtransactionroutingoutcome.ts
  - src/models/components/forcemittransformationoutcome.ts
  - src/models/components/useadditionalschemetransformationoutcome.ts
  - src/models/components/flowredirecttransactionroutingoutcome.ts
  - src/models/components/giftcardservicedefinition.ts
  - src/models/components/antifraudservice.ts
  - src/models/components/reportexecutions.ts
  - src/models/components/reportexecution.ts
  - src/models/components/reports.ts
  - src/models/components/report.ts
  - src/models/components/reportspec.ts
  - src/models/components/reportexecutionurl.ts
  - src/models/components/roles.ts
  - src/models/components/role.ts
  - src/models/components/rolepermissions.ts
  - src/models/components/roleassignments.ts
  - src/models/components/roleassignment.ts
  - src/models/components/merchantaccounts.ts
  - src/models/components/merchantaccount.ts
  - src/models/components/paymentservicetokens.ts
  - src/models/components/paymentservicetoken.ts
  - src/models/components/paymentservicetokenrequest.ts
  - src/models/components/networktokens.ts
  - src/models/components/networktoken.ts
  - src/models/components/networktokenrequest.ts
  - src/models/components/security.ts
  - src/models/errors/error401unauthorized.ts
  - src/models/errors/error404notfound.ts
  - src/models/errors/error409duplicaterecord.ts
  - src/models/errors/error429toomanyrequests.ts
  - src/models/errors/error400badrequest.ts
  - src/models/operations/listauditlogs.ts
  - src/models/operations/listbuyers.ts
  - src/models/operations/getbuyer.ts
  - src/models/operations/deletebuyer.ts
  - src/models/operations/listbuyershippingdetails.ts
  - src/models/operations/deletebuyershippingdetail.ts
  - src/models/operations/getbuyerbillingdetails.ts
  - src/models/operations/listbuyergiftcards.ts
  - src/models/operations/listgiftcards.ts
  - src/models/operations/getgiftcard.ts
  - src/models/operations/deletegiftcard.ts
  - src/models/operations/listbuyerpaymentmethods.ts
  - src/models/operations/listpaymentmethods.ts
  - src/models/operations/getpaymentmethod.ts
  - src/models/operations/deletepaymentmethod.ts
  - src/models/operations/newcheckoutsession.ts
  - src/models/operations/getcheckoutsession.ts
  - src/models/operations/deletecheckoutsession.ts
  - src/models/operations/updatecheckoutsessionfields.ts
  - src/models/operations/listpaymentoptions.ts
  - src/models/operations/listpaymentservices.ts
  - src/models/operations/getpaymentservice.ts
  - src/models/operations/deletepaymentservice.ts
  - src/models/operations/listpaymentservicedefinitions.ts
  - src/models/operations/getpaymentservicedefinition.ts
  - src/models/operations/getdigitalwallet.ts
  - src/models/operations/deletedigitalwallet.ts
  - src/models/operations/listtransactions.ts
  - src/models/operations/gettransactionactions.ts
  - src/models/operations/listtransactionrefunds.ts
  - src/models/operations/getrefund.ts
  - src/models/operations/gettransactionsummary.ts
  - src/models/operations/inboundwebhookdeprecated.ts
  - src/models/operations/inboundwebhook.ts
  - src/models/operations/inboundwebhooks.ts
  - src/models/operations/listflowrules.ts
  - src/models/operations/getflowrule.ts
  - src/models/operations/deleteflowrule.ts
  - src/models/operations/listflowoutcomes.ts
  - src/models/operations/getgiftcardservice.ts
  - src/models/operations/deletegiftcardservice.ts
  - src/models/operations/getgiftcardservicedefinition.ts
  - src/models/operations/getantifraudservice.ts
  - src/models/operations/deleteantifraudservice.ts
  - src/models/operations/listallreportexecutions.ts
  - src/models/operations/getreportexecution.ts
  - src/models/operations/listreports.ts
  - src/models/operations/getreport.ts
  - src/models/operations/listreportexecutions.ts
  - src/models/operations/generatedownloadurl.ts
  - src/models/operations/listroles.ts
  - src/models/operations/listroleassignments.ts
  - src/models/operations/deleteroleassignment.ts
  - src/models/operations/getmerchantaccount.ts
  - src/models/operations/deletemerchantaccuont.ts
  - src/models/operations/getpaymentservicetokens.ts
  - src/models/operations/provisionpaymentservicetoken.ts
  - src/models/operations/deletepaymentservicetoken.ts
  - src/models/operations/approvepaymentservicetokenget.ts
  - src/models/operations/approvepaymentservicetokenpost.ts
  - src/models/operations/getnetworktokens.ts
  - src/models/operations/provisionnetworktoken.ts
  - src/models/operations/deletenetworktoken.ts
  - src/models/operations/suspendnetworktoken.ts
  - src/models/operations/resumenetworktoken.ts
  - src/models/errors/index.ts
  - src/models/components/index.ts
  - src/models/operations/index.ts
  - docs/models/components/apilogs.md
  - docs/models/components/apilogtype.md
  - docs/models/components/details.md
  - docs/models/components/responsebody.md
  - docs/models/components/apilog.md
  - docs/models/components/location.md
  - docs/models/components/errordetail.md
  - docs/models/components/auditlogs.md
  - docs/models/components/auditlogtype.md
  - docs/models/components/auditlogaction.md
  - docs/models/components/auditlogstatus.md
  - docs/models/components/user.md
  - docs/models/components/resource.md
  - docs/models/components/auditlog.md
  - docs/models/components/buyers.md
  - docs/models/components/buyertype.md
  - docs/models/components/buyerbillingdetailstype.md
  - docs/models/components/buyeraddress.md
  - docs/models/components/buyerkind.md
  - docs/models/components/buyertaxid.md
  - docs/models/components/buyerbillingdetails.md
  - docs/models/components/buyer.md
  - docs/models/components/errorgenerictype.md
  - docs/models/components/errorgeneric.md
  - docs/models/components/shippingdetails.md
  - docs/models/components/shippingdetailtype.md
  - docs/models/components/shippingdetailaddress.md
  - docs/models/components/shippingdetail.md
  - docs/models/components/billingdetailstype.md
  - docs/models/components/billingdetailsaddress.md
  - docs/models/components/kind.md
  - docs/models/components/taxid.md
  - docs/models/components/billingdetails.md
  - docs/models/components/giftcardssummary.md
  - docs/models/components/giftcardsummarytype.md
  - docs/models/components/balanceerrorcode.md
  - docs/models/components/giftcardsummary.md
  - docs/models/components/giftcards.md
  - docs/models/components/giftcardtype.md
  - docs/models/components/giftcardbuyertype.md
  - docs/models/components/giftcardbuyerbillingdetailstype.md
  - docs/models/components/giftcardaddress.md
  - docs/models/components/giftcardkind.md
  - docs/models/components/giftcardtaxid.md
  - docs/models/components/giftcardbillingdetails.md
  - docs/models/components/giftcardbuyer.md
  - docs/models/components/giftcard.md
  - docs/models/components/giftcardservicetype.md
  - docs/models/components/giftcardservicefields.md
  - docs/models/components/giftcardservice.md
  - docs/models/components/paymentmethodstokenized.md
  - docs/models/components/paymentmethodtokenizedtype.md
  - docs/models/components/method.md
  - docs/models/components/scheme.md
  - docs/models/components/additionalschemes.md
  - docs/models/components/approvaltarget.md
  - docs/models/components/paymentmethodtokenized.md
  - docs/models/components/paymentmethods.md
  - docs/models/components/paymentmethodtype.md
  - docs/models/components/paymentmethodadditionalschemes.md
  - docs/models/components/paymentmethodapprovaltarget.md
  - docs/models/components/paymentmethodbuyertype.md
  - docs/models/components/paymentmethodbuyerbillingdetailstype.md
  - docs/models/components/paymentmethodaddress.md
  - docs/models/components/paymentmethodkind.md
  - docs/models/components/paymentmethodtaxid.md
  - docs/models/components/paymentmethodbillingdetails.md
  - docs/models/components/paymentmethodbuyer.md
  - docs/models/components/paymentmethodmethod.md
  - docs/models/components/mode.md
  - docs/models/components/paymentmethodscheme.md
  - docs/models/components/paymentmethodstatus.md
  - docs/models/components/paymentmethod.md
  - docs/models/components/cardtype.md
  - docs/models/components/paymentmethoddetailscard.md
  - docs/models/components/cardschemedefinitions.md
  - docs/models/components/cardschemedefinitiontype.md
  - docs/models/components/cardschemedefinition.md
  - docs/models/components/connections.md
  - docs/models/components/connection.md
  - docs/models/components/group.md
  - docs/models/components/category.md
  - docs/models/components/connectiondefinition.md
  - docs/models/components/connectiondefinitions.md
  - docs/models/components/checkoutsessiontype.md
  - docs/models/components/checkoutsessionmethod.md
  - docs/models/components/checkoutsessionscheme.md
  - docs/models/components/checkoutsessioncardtype.md
  - docs/models/components/checkoutsessiondetails.md
  - docs/models/components/checkoutsessionpaymentmethod.md
  - docs/models/components/checkoutsession.md
  - docs/models/components/producttype.md
  - docs/models/components/cartitem.md
  - docs/models/components/checkoutsessioncreaterequest.md
  - docs/models/components/checkoutsessionsecurefieldsupdatepaymentmethod.md
  - docs/models/components/checkoutsessionsecurefieldsupdate.md
  - docs/models/components/checkoutsessionfieldscardpaymentmethodmethod.md
  - docs/models/components/checkoutsessionfieldscardpaymentmethod.md
  - docs/models/components/checkoutsessionfieldsclicktopaypaymentmethodmethod.md
  - docs/models/components/checkoutsessionfieldsclicktopaypaymentmethod.md
  - docs/models/components/checkoutsessionfieldsidpaymentmethodmethod.md
  - docs/models/components/checkoutsessionfieldsidpaymentmethod.md
  - docs/models/components/paymentmethoddefinitions.md
  - docs/models/components/paymentmethoddefinition.md
  - docs/models/components/paymentoptions.md
  - docs/models/components/paymentoptiontype.md
  - docs/models/components/paymentoptionmethod.md
  - docs/models/components/paymentoptionmode.md
  - docs/models/components/context.md
  - docs/models/components/paymentoption.md
  - docs/models/components/address.md
  - docs/models/components/requiredfields.md
  - docs/models/components/paymentoptionapprovalui.md
  - docs/models/components/paymentoptionsrequest.md
  - docs/models/components/paymentservices.md
  - docs/models/components/paymentservicetype.md
  - docs/models/components/fields.md
  - docs/models/components/merchantprofilesinglescheme.md
  - docs/models/components/paymentservicemerchantprofilesinglescheme.md
  - docs/models/components/paymentservicemerchantprofilemerchantprofilesinglescheme.md
  - docs/models/components/paymentservicemerchantprofilejcbmerchantprofilesinglescheme.md
  - docs/models/components/paymentservicemerchantprofilemastercardmerchantprofilesinglescheme.md
  - docs/models/components/paymentservicemerchantprofileunionpaymerchantprofilesinglescheme.md
  - docs/models/components/paymentservicemerchantprofilevisamerchantprofilesinglescheme.md
  - docs/models/components/merchantprofile.md
  - docs/models/components/paymentservicemethod.md
  - docs/models/components/paymentservicestatus.md
  - docs/models/components/paymentservice.md
  - docs/models/components/paymentservicedefinitions.md
  - docs/models/components/paymentservicedefinitiontype.md
  - docs/models/components/paymentservicedefinitionmethod.md
  - docs/models/components/format.md
  - docs/models/components/paymentservicedefinitionfields.md
  - docs/models/components/paymentservicedefinitionmode.md
  - docs/models/components/supportedfeatures.md
  - docs/models/components/paymentservicedefinition.md
  - docs/models/components/approvaluitarget.md
  - docs/models/components/paymentservicedefinitionconfiguration.md
  - docs/models/components/digitalwallets.md
  - docs/models/components/digitalwallettype.md
  - docs/models/components/digitalwalletprovider.md
  - docs/models/components/digitalwallet.md
  - docs/models/components/digitalwalletclicktopayfields.md
  - docs/models/components/transactions.md
  - docs/models/components/transactionsummarytype.md
  - docs/models/components/transactionsummarybuyertype.md
  - docs/models/components/transactionsummarybuyerbillingdetailstype.md
  - docs/models/components/transactionsummaryaddress.md
  - docs/models/components/transactionsummarykind.md
  - docs/models/components/transactionsummarytaxid.md
  - docs/models/components/transactionsummarybillingdetails.md
  - docs/models/components/buyersnapshot.md
  - docs/models/components/instrumenttype.md
  - docs/models/components/intent.md
  - docs/models/components/transactionsummarymethod.md
  - docs/models/components/transactionsummarystatus.md
  - docs/models/components/transactionsummary.md
  - docs/models/components/paymentservicesnapshottype.md
  - docs/models/components/paymentservicesnapshotmethod.md
  - docs/models/components/paymentservicesnapshot.md
  - docs/models/components/paymentmethodsnapshottype.md
  - docs/models/components/paymentmethodsnapshotapprovaltarget.md
  - docs/models/components/paymentmethodsnapshotmethod.md
  - docs/models/components/paymentmethodsnapshotscheme.md
  - docs/models/components/paymentmethodsnapshot.md
  - docs/models/components/giftcardredemptiontype.md
  - docs/models/components/giftcardredemptionstatus.md
  - docs/models/components/errorcode.md
  - docs/models/components/giftcardredemption.md
  - docs/models/components/giftcardsnapshottype.md
  - docs/models/components/giftcardsnapshot.md
  - docs/models/components/actions.md
  - docs/models/components/actiontype.md
  - docs/models/components/id.md
  - docs/models/components/flow.md
  - docs/models/components/flowruleuuidslistoutcomeoutcometype.md
  - docs/models/components/uuidslistoutcome.md
  - docs/models/components/flowruleserviceoutcomeoutcometype.md
  - docs/models/components/outcomeinstrument.md
  - docs/models/components/outcomename.md
  - docs/models/components/outcometransformations.md
  - docs/models/components/outcomeresult.md
  - docs/models/components/outcomeversion.md
  - docs/models/components/paymentserviceoutcome.md
  - docs/models/components/flowrulemethodoutcomeoutcometype.md
  - docs/models/components/flowrulemethodoutcomeoutcomeresult.md
  - docs/models/components/paymentmethodoutcome.md
  - docs/models/components/outcometype.md
  - docs/models/components/booleanoutcome.md
  - docs/models/components/outcome.md
  - docs/models/components/action.md
  - docs/models/components/refunds.md
  - docs/models/components/refundtype.md
  - docs/models/components/refundstatus.md
  - docs/models/components/targettype.md
  - docs/models/components/refund.md
  - docs/models/components/transactionstatussummarytype.md
  - docs/models/components/transactionstatussummarystatus.md
  - docs/models/components/transactionstatussummary.md
  - docs/models/components/flowrules.md
  - docs/models/components/flowruletype.md
  - docs/models/components/flowruleflow.md
  - docs/models/components/flowruleaction.md
  - docs/models/components/conditions.md
  - docs/models/components/flowruleoutcome.md
  - docs/models/components/flowrule.md
  - docs/models/components/flowruleserviceoutcometype.md
  - docs/models/components/instrument.md
  - docs/models/components/flowruleserviceoutcomename.md
  - docs/models/components/flowruleserviceoutcometransformations.md
  - docs/models/components/result.md
  - docs/models/components/version.md
  - docs/models/components/flowruleserviceoutcome.md
  - docs/models/components/flowrulemethodoutcometype.md
  - docs/models/components/flowrulemethodoutcomeresult.md
  - docs/models/components/flowrulemethodoutcome.md
  - docs/models/components/flowrulebooleanoutcometype.md
  - docs/models/components/flowrulebooleanoutcome.md
  - docs/models/components/flowruleuuidslistoutcometype.md
  - docs/models/components/flowruleuuidslistoutcome.md
  - docs/models/components/flowrulethreedsecureoutcometype.md
  - docs/models/components/flowrulethreedsecureoutcomeresult.md
  - docs/models/components/flowrulethreedsecureoutcome.md
  - docs/models/components/flowamountconditionname.md
  - docs/models/components/operator.md
  - docs/models/components/value.md
  - docs/models/components/flowamountcondition.md
  - docs/models/components/flowamountrangeconditionname.md
  - docs/models/components/flowamountrangeconditionoperator.md
  - docs/models/components/flowamountrangeconditionvalue.md
  - docs/models/components/flowamountrangecondition.md
  - docs/models/components/flowamountzeroconditionname.md
  - docs/models/components/flowamountzeroconditionoperator.md
  - docs/models/components/flowamountzerocondition.md
  - docs/models/components/flowantifrauddecisionconditionname.md
  - docs/models/components/flowantifrauddecisionconditionoperator.md
  - docs/models/components/flowantifrauddecisionconditionvalue.md
  - docs/models/components/flowantifrauddecisioncondition.md
  - docs/models/components/flowbinrangeconditionname.md
  - docs/models/components/flowbinrangeconditionoperator.md
  - docs/models/components/flowbinrangecondition.md
  - docs/models/components/flowbrowserlanguageconditionname.md
  - docs/models/components/flowbrowserlanguageconditionoperator.md
  - docs/models/components/flowbrowserlanguagecondition.md
  - docs/models/components/flowcardcountryconditionname.md
  - docs/models/components/flowcardcountryconditionoperator.md
  - docs/models/components/flowcardcountrycondition.md
  - docs/models/components/flowcardschemeconditionname.md
  - docs/models/components/flowcardschemeconditionoperator.md
  - docs/models/components/flowcardschemeconditionvalue.md
  - docs/models/components/flowcardschemecondition.md
  - docs/models/components/flowcardsourceconditionname.md
  - docs/models/components/flowcardsourceconditionoperator.md
  - docs/models/components/flowcardsourceconditionvalue.md
  - docs/models/components/flowcardsourcecondition.md
  - docs/models/components/flowcardtypeconditionname.md
  - docs/models/components/flowcardtypeconditionoperator.md
  - docs/models/components/flowcardtypeconditionvalue.md
  - docs/models/components/flowcardtypecondition.md
  - docs/models/components/flowcountryconditionname.md
  - docs/models/components/flowcountryconditionoperator.md
  - docs/models/components/flowcountrycondition.md
  - docs/models/components/flowcurrencyconditionname.md
  - docs/models/components/flowcurrencyconditionoperator.md
  - docs/models/components/flowcurrencycondition.md
  - docs/models/components/flowissubsequentpaymentconditionname.md
  - docs/models/components/flowissubsequentpaymentconditionoperator.md
  - docs/models/components/flowissubsequentpaymentcondition.md
  - docs/models/components/flowmetadataconditionname.md
  - docs/models/components/flowmetadataconditionoperator.md
  - docs/models/components/flowmetadataconditionvaluevalue.md
  - docs/models/components/flowmetadataconditionvalue.md
  - docs/models/components/flowmetadatacondition.md
  - docs/models/components/flowmerchantinitiatedconditionname.md
  - docs/models/components/flowmerchantinitiatedconditionoperator.md
  - docs/models/components/flowmerchantinitiatedcondition.md
  - docs/models/components/flowpaymentmethodconditionname.md
  - docs/models/components/flowpaymentmethodconditionoperator.md
  - docs/models/components/flowpaymentmethodconditionvalue.md
  - docs/models/components/flowpaymentmethodcondition.md
  - docs/models/components/flowpaymentmethodsconditionname.md
  - docs/models/components/flowpaymentmethodsconditionoperator.md
  - docs/models/components/flowpaymentmethodsconditionvalue.md
  - docs/models/components/flowpaymentmethodscondition.md
  - docs/models/components/flowpaymentsourceconditionname.md
  - docs/models/components/flowpaymentsourceconditionoperator.md
  - docs/models/components/flowpaymentsourceconditionvalue.md
  - docs/models/components/flowpaymentsourcecondition.md
  - docs/models/components/flowproductcategoriesconditionname.md
  - docs/models/components/flowproductcategoriesconditionoperator.md
  - docs/models/components/flowproductcategoriescondition.md
  - docs/models/components/flowproducttypesconditionname.md
  - docs/models/components/flowproducttypesconditionoperator.md
  - docs/models/components/flowproducttypesconditionvalue.md
  - docs/models/components/flowproducttypescondition.md
  - docs/models/components/flowskusconditionname.md
  - docs/models/components/flowskusconditionoperator.md
  - docs/models/components/flowskuscondition.md
  - docs/models/components/flowruleoutcomesitems.md
  - docs/models/components/flowruleoutcomes.md
  - docs/models/components/flowpaymentoptionoutcometype.md
  - docs/models/components/flowpaymentoptionoutcome.md
  - docs/models/components/flowcardtransactionroutingoutcometype.md
  - docs/models/components/instruments.md
  - docs/models/components/transformations.md
  - docs/models/components/flowcardtransactionroutingoutcome.md
  - docs/models/components/forcemittransformationoutcomename.md
  - docs/models/components/forcemittransformationoutcome.md
  - docs/models/components/useadditionalschemetransformationoutcomename.md
  - docs/models/components/useadditionalschemetransformationoutcome.md
  - docs/models/components/flowredirecttransactionroutingoutcometype.md
  - docs/models/components/flowredirecttransactionroutingoutcome.md
  - docs/models/components/giftcardservicedefinitiontype.md
  - docs/models/components/giftcardservicedefinitionformat.md
  - docs/models/components/giftcardservicedefinitionfields.md
  - docs/models/components/giftcardservicedefinition.md
  - docs/models/components/antifraudservicetype.md
  - docs/models/components/antifraudserviceantifraudservicedefinitionid.md
  - docs/models/components/antifraudservicefields.md
  - docs/models/components/antifraudservice.md
  - docs/models/components/reportexecutions.md
  - docs/models/components/reportexecutiontype.md
  - docs/models/components/reportexecutionstatus.md
  - docs/models/components/reportexecutioncontext.md
  - docs/models/components/reportexecutionreporttype.md
  - docs/models/components/reportexecutioncreatortype.md
  - docs/models/components/reportsummary.md
  - docs/models/components/reportexecution.md
  - docs/models/components/reports.md
  - docs/models/components/reporttype.md
  - docs/models/components/creatortype.md
  - docs/models/components/reportschedule.md
  - docs/models/components/reportlatestexecutiontype.md
  - docs/models/components/reportstatus.md
  - docs/models/components/reportcontext.md
  - docs/models/components/reportexecutionsummary.md
  - docs/models/components/report.md
  - docs/models/components/model.md
  - docs/models/components/reportspecfields.md
  - docs/models/components/filters.md
  - docs/models/components/sort.md
  - docs/models/components/params.md
  - docs/models/components/reportspec.md
  - docs/models/components/reportexecutionurl.md
  - docs/models/components/roles.md
  - docs/models/components/roletype.md
  - docs/models/components/role.md
  - docs/models/components/rolepermissions.md
  - docs/models/components/roleassignments.md
  - docs/models/components/roleassignmenttype.md
  - docs/models/components/roleassignmentassigneetype.md
  - docs/models/components/assignee.md
  - docs/models/components/roleassignment.md
  - docs/models/components/merchantaccounts.md
  - docs/models/components/merchantaccounttype.md
  - docs/models/components/loonacceptedschemes.md
  - docs/models/components/merchantaccount.md
  - docs/models/components/paymentservicetokens.md
  - docs/models/components/paymentservicetokentype.md
  - docs/models/components/paymentservicetokenstatus.md
  - docs/models/components/paymentservicetoken.md
  - docs/models/components/paymentservicetokenrequest.md
  - docs/models/components/networktokens.md
  - docs/models/components/networktokentype.md
  - docs/models/components/networktokenstatus.md
  - docs/models/components/networktoken.md
  - docs/models/components/networktokenrequest.md
  - docs/models/components/security.md
  - docs/models/errors/error401unauthorizedtype.md
  - docs/models/errors/error401unauthorizedcode.md
  - docs/models/errors/error401unauthorizedstatus.md
  - docs/models/errors/message.md
  - docs/models/errors/error401unauthorized.md
  - docs/models/errors/error404notfoundtype.md
  - docs/models/errors/error404notfoundcode.md
  - docs/models/errors/error404notfoundstatus.md
  - docs/models/errors/error404notfoundmessage.md
  - docs/models/errors/error404notfound.md
  - docs/models/errors/error409duplicaterecordtype.md
  - docs/models/errors/error409duplicaterecordcode.md
  - docs/models/errors/error409duplicaterecordstatus.md
  - docs/models/errors/error409duplicaterecord.md
  - docs/models/errors/error429toomanyrequeststype.md
  - docs/models/errors/error429toomanyrequestscode.md
  - docs/models/errors/error429toomanyrequestsstatus.md
  - docs/models/errors/error429toomanyrequests.md
  - docs/models/errors/type.md
  - docs/models/errors/code.md
  - docs/models/errors/status.md
  - docs/models/errors/error400badrequest.md
  - docs/models/operations/action.md
  - docs/models/operations/listauditlogsrequest.md
  - docs/models/operations/listbuyersrequest.md
  - docs/models/operations/getbuyerrequest.md
  - docs/models/operations/getbuyerresponse.md
  - docs/models/operations/deletebuyerrequest.md
  - docs/models/operations/deletebuyerresponse.md
  - docs/models/operations/listbuyershippingdetailsrequest.md
  - docs/models/operations/listbuyershippingdetailsresponse.md
  - docs/models/operations/deletebuyershippingdetailrequest.md
  - docs/models/operations/deletebuyershippingdetailresponse.md
  - docs/models/operations/getbuyerbillingdetailsrequest.md
  - docs/models/operations/getbuyerbillingdetailsresponse.md
  - docs/models/operations/listbuyergiftcardsrequest.md
  - docs/models/operations/listgiftcardsrequest.md
  - docs/models/operations/getgiftcardrequest.md
  - docs/models/operations/getgiftcardresponse.md
  - docs/models/operations/deletegiftcardrequest.md
  - docs/models/operations/deletegiftcardresponse.md
  - docs/models/operations/listbuyerpaymentmethodsrequest.md
  - docs/models/operations/status.md
  - docs/models/operations/listpaymentmethodsrequest.md
  - docs/models/operations/getpaymentmethodrequest.md
  - docs/models/operations/deletepaymentmethodrequest.md
  - docs/models/operations/deletepaymentmethodresponse.md
  - docs/models/operations/newcheckoutsessionresponse.md
  - docs/models/operations/getcheckoutsessionrequest.md
  - docs/models/operations/getcheckoutsessionresponse.md
  - docs/models/operations/deletecheckoutsessionrequest.md
  - docs/models/operations/updatecheckoutsessionfieldsrequest.md
  - docs/models/operations/listpaymentoptionsrequest.md
  - docs/models/operations/method.md
  - docs/models/operations/listpaymentservicesrequest.md
  - docs/models/operations/getpaymentservicerequest.md
  - docs/models/operations/deletepaymentservicerequest.md
  - docs/models/operations/deletepaymentserviceresponse.md
  - docs/models/operations/listpaymentservicedefinitionsrequest.md
  - docs/models/operations/getpaymentservicedefinitionrequest.md
  - docs/models/operations/getdigitalwalletrequest.md
  - docs/models/operations/deletedigitalwalletrequest.md
  - docs/models/operations/deletedigitalwalletresponse.md
  - docs/models/operations/queryparammethod.md
  - docs/models/operations/queryparamstatus.md
  - docs/models/operations/listtransactionsrequest.md
  - docs/models/operations/gettransactionactionsrequest.md
  - docs/models/operations/listtransactionrefundsrequest.md
  - docs/models/operations/getrefundrequest.md
  - docs/models/operations/gettransactionsummaryrequest.md
  - docs/models/operations/inboundwebhookdeprecatedrequest.md
  - docs/models/operations/inboundwebhookdeprecatedresponse.md
  - docs/models/operations/inboundwebhookrequest.md
  - docs/models/operations/inboundwebhookresponse.md
  - docs/models/operations/resource.md
  - docs/models/operations/inboundwebhooksrequest.md
  - docs/models/operations/inboundwebhooksresponse.md
  - docs/models/operations/flow.md
  - docs/models/operations/listflowrulesrequest.md
  - docs/models/operations/getflowrulepathparamflow.md
  - docs/models/operations/getflowrulepathparamaction.md
  - docs/models/operations/getflowrulerequest.md
  - docs/models/operations/getflowruleresponse.md
  - docs/models/operations/deleteflowrulepathparamflow.md
  - docs/models/operations/deleteflowrulepathparamaction.md
  - docs/models/operations/deleteflowrulerequest.md
  - docs/models/operations/deleteflowruleresponse.md
  - docs/models/operations/listflowoutcomespathparamflow.md
  - docs/models/operations/listflowoutcomespathparamaction.md
  - docs/models/operations/listflowoutcomesrequest.md
  - docs/models/operations/getgiftcardservicerequest.md
  - docs/models/operations/deletegiftcardservicerequest.md
  - docs/models/operations/deletegiftcardserviceresponse.md
  - docs/models/operations/getgiftcardservicedefinitionrequest.md
  - docs/models/operations/getantifraudservicerequest.md
  - docs/models/operations/getantifraudserviceresponse.md
  - docs/models/operations/deleteantifraudservicerequest.md
  - docs/models/operations/deleteantifraudserviceresponse.md
  - docs/models/operations/listallreportexecutionsqueryparamstatus.md
  - docs/models/operations/listallreportexecutionsrequest.md
  - docs/models/operations/getreportexecutionrequest.md
  - docs/models/operations/schedule.md
  - docs/models/operations/listreportsrequest.md
  - docs/models/operations/getreportrequest.md
  - docs/models/operations/listreportexecutionsrequest.md
  - docs/models/operations/generatedownloadurlrequest.md
  - docs/models/operations/listrolesrequest.md
  - docs/models/operations/assigneetype.md
  - docs/models/operations/listroleassignmentsrequest.md
  - docs/models/operations/deleteroleassignmentrequest.md
  - docs/models/operations/deleteroleassignmentresponse.md
  - docs/models/operations/getmerchantaccountrequest.md
  - docs/models/operations/getmerchantaccountresponse.md
  - docs/models/operations/deletemerchantaccuontrequest.md
  - docs/models/operations/deletemerchantaccuontresponse.md
  - docs/models/operations/getpaymentservicetokensrequest.md
  - docs/models/operations/provisionpaymentservicetokenrequest.md
  - docs/models/operations/deletepaymentservicetokenrequest.md
  - docs/models/operations/deletepaymentservicetokenresponse.md
  - docs/models/operations/approvepaymentservicetokengetrequest.md
  - docs/models/operations/approvepaymentservicetokengetresponse.md
  - docs/models/operations/approvepaymentservicetokenpostrequest.md
  - docs/models/operations/approvepaymentservicetokenpostresponse.md
  - docs/models/operations/getnetworktokensrequest.md
  - docs/models/operations/provisionnetworktokenrequest.md
  - docs/models/operations/deletenetworktokenrequest.md
  - docs/models/operations/deletenetworktokenresponse.md
  - docs/models/operations/suspendnetworktokenrequest.md
  - docs/models/operations/resumenetworktokenrequest.md
  - docs/sdks/sdk/README.md
  - docs/sdks/apilogs/README.md
  - docs/sdks/auditlogs/README.md
  - docs/sdks/buyers/README.md
  - docs/sdks/giftcards/README.md
  - docs/sdks/paymentmethods/README.md
  - docs/sdks/cardschemedefinitions/README.md
  - docs/sdks/connections/README.md
  - docs/sdks/connectiondefinitions/README.md
  - docs/sdks/checkoutsessions/README.md
  - docs/sdks/paymentmethoddefinitions/README.md
  - docs/sdks/paymentoptions/README.md
  - docs/sdks/paymentservices/README.md
  - docs/sdks/paymentservicedefinitions/README.md
  - docs/sdks/digitalwallets/README.md
  - docs/sdks/transactions/README.md
  - docs/sdks/webhooks/README.md
  - docs/sdks/flow/README.md
  - docs/sdks/giftcardservices/README.md
  - docs/sdks/giftcardservicedefinitions/README.md
  - docs/sdks/antifraudservices/README.md
  - docs/sdks/reports/README.md
  - docs/sdks/roles/README.md
  - docs/sdks/merchantaccounts/README.md
  - docs/sdks/tokens/README.md
  - USAGE.md
  - .gitattributes
  - src/hooks/hooks.ts
  - src/hooks/types.ts
  - src/hooks/index.ts
