speakeasyVersion: 1.598.3
sources:
    openapi:
        sourceNamespace: openapi
        sourceRevisionDigest: sha256:9cb872d8e624f490860d6b7ca5e686f06c04d561158fc1086e6d07643e5fd2db
        sourceBlobDigest: sha256:b18f30aeb23cb8c9d2329bd78e36194bbf299a46fd883e5f0515cd660ecc0ee5
        tags:
            - latest
            - speakeasy-sdk-regen-1754561274
            - 1.0.0
targets:
    first-target:
        source: openapi
        sourceNamespace: openapi
        sourceRevisionDigest: sha256:916f35ec72323b7de793b9e99cf14fac33e497c7148c84b996d5cbfd69870398
        sourceBlobDigest: sha256:9ed8dd012845981cbfd2fffa608bf33138ca66d764d144933170a6218ca49e99
    typescript:
        source: openapi
        sourceNamespace: openapi
        sourceRevisionDigest: sha256:9cb872d8e624f490860d6b7ca5e686f06c04d561158fc1086e6d07643e5fd2db
        sourceBlobDigest: sha256:b18f30aeb23cb8c9d2329bd78e36194bbf299a46fd883e5f0515cd660ecc0ee5
        codeSamplesNamespace: openapi-typescript-code-samples
        codeSamplesRevisionDigest: sha256:654afb5810d3ef684c6633e1a9e56b8b2bce035c85efafff3368104e2039a03a
workflow:
    workflowVersion: 1.0.0
    speakeasyVersion: latest
    sources:
        openapi:
            inputs:
                - location: https://gr4vy.github.io/openapi/core/openapi.json
            overlays:
                - location: ./.speakeasy/overlays/servers.yaml
                - location: ./.speakeasy/overlays/security.yaml
                - location: ./.speakeasy/overlays/enums.yaml
                - location: ./.speakeasy/overlays/retries.yaml
                - location: ./.speakeasy/overlays/mid-global.yaml
                - location: ./.speakeasy/overlays/fix-base-model.yaml
                - location: ./.speakeasy/overlays/fix-checkout-session-body.yaml
                - location: ./.speakeasy/overlays/fix-remove-unwanted-headers.yaml
                - location: ./.speakeasy/overlays/fix-add-x-forwarded-for-header.yaml
            registry:
                location: registry.speakeasyapi.dev/gr4vy/gr4vy/openapi
    targets:
        typescript:
            target: typescript
            source: openapi
            publish:
                npm:
                    token: $npm_token
            codeSamples:
                registry:
                    location: registry.speakeasyapi.dev/gr4vy/gr4vy/openapi-typescript-code-samples
                labelOverride:
                    fixedValue: TypeScript
                blocking: false
