speakeasyVersion: 1.537.1
sources:
    openapi:
        sourceNamespace: openapi
        sourceRevisionDigest: sha256:ca6375ecc4f65e5cc9412e2c554005346fac3506c2bc5bb1660828c66b7dec35
        sourceBlobDigest: sha256:8ff2416f70b9bb74ef1ff06a2664e1b7aa23fa213f9c78242b3fc4210984bba1
        tags:
            - latest
            - 1.0.0
targets:
    first-target:
        source: openapi
        sourceNamespace: openapi
        sourceRevisionDigest: sha256:916f35ec72323b7de793b9e99cf14fac33e497c7148c84b996d5cbfd69870398
        sourceBlobDigest: sha256:9ed8dd012845981cbfd2fffa608bf33138ca66d764d144933170a6218ca49e99
    typescript:
        source: openapi
        sourceNamespace: openapi
        sourceRevisionDigest: sha256:ca6375ecc4f65e5cc9412e2c554005346fac3506c2bc5bb1660828c66b7dec35
        sourceBlobDigest: sha256:8ff2416f70b9bb74ef1ff06a2664e1b7aa23fa213f9c78242b3fc4210984bba1
        codeSamplesNamespace: openapi-typescript-code-samples
        codeSamplesRevisionDigest: sha256:e0f9d8dd42dfec8bc6691c66e571ea926a9d89e6611ca9612e1062cda280d588
workflow:
    workflowVersion: 1.0.0
    speakeasyVersion: latest
    sources:
        openapi:
            inputs:
                - location: https://gr4vy.github.io/gr4vy-openapi/core/openapi.json
            overlays:
                - location: ./.speakeasy/overlays/servers.yaml
                - location: ./.speakeasy/overlays/security.yaml
                - location: ./.speakeasy/overlays/enums.yaml
                - location: ./.speakeasy/overlays/retries.yaml
            registry:
                location: registry.speakeasyapi.dev/gr4vy/gr4vy/openapi
    targets:
        typescript:
            target: typescript
            source: openapi
            publish:
                npm:
                    token: $npm_token
            codeSamples:
                registry:
                    location: registry.speakeasyapi.dev/gr4vy/gr4vy/openapi-typescript-code-samples
                blocking: false
