speakeasyVersion: 1.554.1
sources:
    openapi:
        sourceNamespace: openapi
        sourceRevisionDigest: sha256:4dc60a6078563149820cece94adb69bfe99b57cf650b873a38b3e5372cad37cf
        sourceBlobDigest: sha256:2ba0bd520b3cc84796862bea0b8cc5ac30dd0e4369b5427a260720c691958e9c
        tags:
            - latest
            - speakeasy-sdk-regen-1748613299
            - 1.0.0
targets:
    first-target:
        source: openapi
        sourceNamespace: openapi
        sourceRevisionDigest: sha256:916f35ec72323b7de793b9e99cf14fac33e497c7148c84b996d5cbfd69870398
        sourceBlobDigest: sha256:9ed8dd012845981cbfd2fffa608bf33138ca66d764d144933170a6218ca49e99
    typescript:
        source: openapi
        sourceNamespace: openapi
        sourceRevisionDigest: sha256:4dc60a6078563149820cece94adb69bfe99b57cf650b873a38b3e5372cad37cf
        sourceBlobDigest: sha256:2ba0bd520b3cc84796862bea0b8cc5ac30dd0e4369b5427a260720c691958e9c
        codeSamplesNamespace: openapi-typescript-code-samples
        codeSamplesRevisionDigest: sha256:ff430b5755795033f745feac16239c78abd0aa0091f96c5cd846d07f331a2588
workflow:
    workflowVersion: 1.0.0
    speakeasyVersion: latest
    sources:
        openapi:
            inputs:
                - location: https://gr4vy.github.io/gr4vy-openapi/core/openapi.json
            overlays:
                - location: ./.speakeasy/overlays/servers.yaml
                - location: ./.speakeasy/overlays/security.yaml
                - location: ./.speakeasy/overlays/enums.yaml
                - location: ./.speakeasy/overlays/retries.yaml
                - location: ./.speakeasy/overlays/mid-global.yaml
                - location: ./.speakeasy/overlays/fix-base-model.yaml
                - location: ./.speakeasy/overlays/fix-checkout-session-body.yaml
                - location: ./.speakeasy/overlays/fix-remove-timeout-in-seconds.yaml
            registry:
                location: registry.speakeasyapi.dev/gr4vy/gr4vy/openapi
    targets:
        typescript:
            target: typescript
            source: openapi
            publish:
                npm:
                    token: $npm_token
            codeSamples:
                registry:
                    location: registry.speakeasyapi.dev/gr4vy/gr4vy/openapi-typescript-code-samples
                labelOverride:
                    fixedValue: Typescript
                blocking: false
